// !$*UTF8*$!
{
	archiveVersion = 1;
	classes = {
	};
	objectVersion = 46;
	objects = {

/* Begin PBXBuildFile section */
		9CE2E3AA1D32C38100C8F031 /* main.m in Sources */ = {isa = PBXBuildFile; fileRef = 9CE2E3A91D32C38100C8F031 /* main.m */; };
		9CE2E3AD1D32C38100C8F031 /* AppDelegate.m in Sources */ = {isa = PBXBuildFile; fileRef = 9CE2E3AC1D32C38100C8F031 /* AppDelegate.m */; };
		9CE2E3B01D32C38100C8F031 /* GildedRoseViewController.m in Sources */ = {isa = PBXBuildFile; fileRef = 9CE2E3AF1D32C38100C8F031 /* GildedRoseViewController.m */; };
		9CE2E3B31D32C38100C8F031 /* Main.storyboard in Resources */ = {isa = PBXBuildFile; fileRef = 9CE2E3B11D32C38100C8F031 /* Main.storyboard */; };
		9CE2E3B51D32C38200C8F031 /* Assets.xcassets in Resources */ = {isa = PBXBuildFile; fileRef = 9CE2E3B41D32C38200C8F031 /* Assets.xcassets */; };
		9CE2E3B81D32C38200C8F031 /* LaunchScreen.storyboard in Resources */ = {isa = PBXBuildFile; fileRef = 9CE2E3B61D32C38200C8F031 /* LaunchScreen.storyboard */; };
		9CE2E3C31D32C38200C8F031 /* GildedRose_iPhoneTests.m in Sources */ = {isa = PBXBuildFile; fileRef = 9CE2E3C21D32C38200C8F031 /* GildedRose_iPhoneTests.m */; };
/* End PBXBuildFile section */

/* Begin PBXContainerItemProxy section */
		9CE2E3BF1D32C38200C8F031 /* PBXContainerItemProxy */ = {
			isa = PBXContainerItemProxy;
			containerPortal = 9CE2E39D1D32C38100C8F031 /* Project object */;
			proxyType = 1;
			remoteGlobalIDString = 9CE2E3A41D32C38100C8F031;
			remoteInfo = "GildedRose-iPhone";
		};
/* End PBXContainerItemProxy section */

/* Begin PBXFileReference section */
		9CE2E3A51D32C38100C8F031 /* GildedRose-iPhone.app */ = {isa = PBXFileReference; explicitFileType = wrapper.application; includeInIndex = 0; path = "GildedRose-iPhone.app"; sourceTree = BUILT_PRODUCTS_DIR; };
		9CE2E3A91D32C38100C8F031 /* main.m */ = {isa = PBXFileReference; lastKnownFileType = sourcecode.c.objc; path = main.m; sourceTree = "<group>"; };
		9CE2E3AB1D32C38100C8F031 /* AppDelegate.h */ = {isa = PBXFileReference; lastKnownFileType = sourcecode.c.h; path = AppDelegate.h; sourceTree = "<group>"; };
		9CE2E3AC1D32C38100C8F031 /* AppDelegate.m */ = {isa = PBXFileReference; lastKnownFileType = sourcecode.c.objc; path = AppDelegate.m; sourceTree = "<group>"; };
		9CE2E3AE1D32C38100C8F031 /* GildedRoseViewController.h */ = {isa = PBXFileReference; lastKnownFileType = sourcecode.c.h; path = GildedRoseViewController.h; sourceTree = "<group>"; };
		9CE2E3AF1D32C38100C8F031 /* GildedRoseViewController.m */ = {isa = PBXFileReference; lastKnownFileType = sourcecode.c.objc; path = GildedRoseViewController.m; sourceTree = "<group>"; };
		9CE2E3B21D32C38100C8F031 /* Base */ = {isa = PBXFileReference; lastKnownFileType = file.storyboard; name = Base; path = Base.lproj/Main.storyboard; sourceTree = "<group>"; };
		9CE2E3B41D32C38200C8F031 /* Assets.xcassets */ = {isa = PBXFileReference; lastKnownFileType = folder.assetcatalog; path = Assets.xcassets; sourceTree = "<group>"; };
		9CE2E3B71D32C38200C8F031 /* Base */ = {isa = PBXFileReference; lastKnownFileType = file.storyboard; name = Base; path = Base.lproj/LaunchScreen.storyboard; sourceTree = "<group>"; };
		9CE2E3B91D32C38200C8F031 /* Info.plist */ = {isa = PBXFileReference; lastKnownFileType = text.plist.xml; path = Info.plist; sourceTree = "<group>"; };
		9CE2E3BE1D32C38200C8F031 /* GildedRose-iPhoneTests.xctest */ = {isa = PBXFileReference; explicitFileType = wrapper.cfbundle; includeInIndex = 0; path = "GildedRose-iPhoneTests.xctest"; sourceTree = BUILT_PRODUCTS_DIR; };
		9CE2E3C21D32C38200C8F031 /* GildedRose_iPhoneTests.m */ = {isa = PBXFileReference; lastKnownFileType = sourcecode.c.objc; path = GildedRose_iPhoneTests.m; sourceTree = "<group>"; };
		9CE2E3C41D32C38200C8F031 /* Info.plist */ = {isa = PBXFileReference; lastKnownFileType = text.plist.xml; path = Info.plist; sourceTree = "<group>"; };
/* End PBXFileReference section */

/* Begin PBXFrameworksBuildPhase section */
		9CE2E3A21D32C38100C8F031 /* Frameworks */ = {
			isa = PBXFrameworksBuildPhase;
			buildActionMask = 2147483647;
			files = (
			);
			runOnlyForDeploymentPostprocessing = 0;
		};
		9CE2E3BB1D32C38200C8F031 /* Frameworks */ = {
			isa = PBXFrameworksBuildPhase;
			buildActionMask = 2147483647;
			files = (
			);
			runOnlyForDeploymentPostprocessing = 0;
		};
/* End PBXFrameworksBuildPhase section */

/* Begin PBXGroup section */
		9CE2E39C1D32C38100C8F031 = {
			isa = PBXGroup;
			children = (
				9CE2E3A71D32C38100C8F031 /* GildedRose-iPhone */,
				9CE2E3C11D32C38200C8F031 /* GildedRose-iPhoneTests */,
				9CE2E3A61D32C38100C8F031 /* Products */,
			);
			sourceTree = "<group>";
		};
		9CE2E3A61D32C38100C8F031 /* Products */ = {
			isa = PBXGroup;
			children = (
				9CE2E3A51D32C38100C8F031 /* GildedRose-iPhone.app */,
				9CE2E3BE1D32C38200C8F031 /* GildedRose-iPhoneTests.xctest */,
			);
			name = Products;
			sourceTree = "<group>";
		};
		9CE2E3A71D32C38100C8F031 /* GildedRose-iPhone */ = {
			isa = PBXGroup;
			children = (
				9CE2E3AB1D32C38100C8F031 /* AppDelegate.h */,
				9CE2E3AC1D32C38100C8F031 /* AppDelegate.m */,
				9CE2E3AE1D32C38100C8F031 /* GildedRoseViewController.h */,
				9CE2E3AF1D32C38100C8F031 /* GildedRoseViewController.m */,
				9CE2E3B11D32C38100C8F031 /* Main.storyboard */,
				9CE2E3B41D32C38200C8F031 /* Assets.xcassets */,
				9CE2E3B61D32C38200C8F031 /* LaunchScreen.storyboard */,
				9CE2E3B91D32C38200C8F031 /* Info.plist */,
				9CE2E3A81D32C38100C8F031 /* Supporting Files */,
			);
			path = "GildedRose-iPhone";
			sourceTree = "<group>";
		};
		9CE2E3A81D32C38100C8F031 /* Supporting Files */ = {
			isa = PBXGroup;
			children = (
				9CE2E3A91D32C38100C8F031 /* main.m */,
			);
			name = "Supporting Files";
			sourceTree = "<group>";
		};
		9CE2E3C11D32C38200C8F031 /* GildedRose-iPhoneTests */ = {
			isa = PBXGroup;
			children = (
				9CE2E3C21D32C38200C8F031 /* GildedRose_iPhoneTests.m */,
				9CE2E3C41D32C38200C8F031 /* Info.plist */,
			);
			path = "GildedRose-iPhoneTests";
			sourceTree = "<group>";
		};
/* End PBXGroup section */

/* Begin PBXNativeTarget section */
		9CE2E3A41D32C38100C8F031 /* GildedRose-iPhone */ = {
			isa = PBXNativeTarget;
			buildConfigurationList = 9CE2E3C71D32C38200C8F031 /* Build configuration list for PBXNativeTarget "GildedRose-iPhone" */;
			buildPhases = (
				9CE2E3A11D32C38100C8F031 /* Sources */,
				9CE2E3A21D32C38100C8F031 /* Frameworks */,
				9CE2E3A31D32C38100C8F031 /* Resources */,
			);
			buildRules = (
			);
			dependencies = (
			);
			name = "GildedRose-iPhone";
			productName = "GildedRose-iPhone";
			productReference = 9CE2E3A51D32C38100C8F031 /* GildedRose-iPhone.app */;
			productType = "com.apple.product-type.application";
		};
		9CE2E3BD1D32C38200C8F031 /* GildedRose-iPhoneTests */ = {
			isa = PBXNativeTarget;
			buildConfigurationList = 9CE2E3CA1D32C38200C8F031 /* Build configuration list for PBXNativeTarget "GildedRose-iPhoneTests" */;
			buildPhases = (
				9CE2E3BA1D32C38200C8F031 /* Sources */,
				9CE2E3BB1D32C38200C8F031 /* Frameworks */,
				9CE2E3BC1D32C38200C8F031 /* Resources */,
			);
			buildRules = (
			);
			dependencies = (
				9CE2E3C01D32C38200C8F031 /* PBXTargetDependency */,
			);
			name = "GildedRose-iPhoneTests";
			productName = "GildedRose-iPhoneTests";
			productReference = 9CE2E3BE1D32C38200C8F031 /* GildedRose-iPhoneTests.xctest */;
			productType = "com.apple.product-type.bundle.unit-test";
		};
/* End PBXNativeTarget section */

/* Begin PBXProject section */
		9CE2E39D1D32C38100C8F031 /* Project object */ = {
			isa = PBXProject;
			attributes = {
				LastUpgradeCheck = 0730;
				ORGANIZATIONNAME = Glucode;
				TargetAttributes = {
					9CE2E3A41D32C38100C8F031 = {
						CreatedOnToolsVersion = 7.3.1;
					};
					9CE2E3BD1D32C38200C8F031 = {
						CreatedOnToolsVersion = 7.3.1;
						TestTargetID = 9CE2E3A41D32C38100C8F031;
					};
				};
			};
			buildConfigurationList = 9CE2E3A01D32C38100C8F031 /* Build configuration list for PBXProject "GildedRose-iPhone" */;
			compatibilityVersion = "Xcode 3.2";
			developmentRegion = English;
			hasScannedForEncodings = 0;
			knownRegions = (
				en,
				Base,
			);
			mainGroup = 9CE2E39C1D32C38100C8F031;
			productRefGroup = 9CE2E3A61D32C38100C8F031 /* Products */;
			projectDirPath = "";
			projectRoot = "";
			targets = (
				9CE2E3A41D32C38100C8F031 /* GildedRose-iPhone */,
				9CE2E3BD1D32C38200C8F031 /* GildedRose-iPhoneTests */,
			);
		};
/* End PBXProject section */

/* Begin PBXResourcesBuildPhase section */
		9CE2E3A31D32C38100C8F031 /* Resources */ = {
			isa = PBXResourcesBuildPhase;
			buildActionMask = 2147483647;
			files = (
				9CE2E3B81D32C38200C8F031 /* LaunchScreen.storyboard in Resources */,
				9CE2E3B51D32C38200C8F031 /* Assets.xcassets in Resources */,
				9CE2E3B31D32C38100C8F031 /* Main.storyboard in Resources */,
			);
			runOnlyForDeploymentPostprocessing = 0;
		};
		9CE2E3BC1D32C38200C8F031 /* Resources */ = {
			isa = PBXResourcesBuildPhase;
			buildActionMask = 2147483647;
			files = (
			);
			runOnlyForDeploymentPostprocessing = 0;
		};
/* End PBXResourcesBuildPhase section */

/* Begin PBXSourcesBuildPhase section */
		9CE2E3A11D32C38100C8F031 /* Sources */ = {
			isa = PBXSourcesBuildPhase;
			buildActionMask = 2147483647;
			files = (
				9CE2E3B01D32C38100C8F031 /* GildedRoseViewController.m in Sources */,
				9CE2E3AD1D32C38100C8F031 /* AppDelegate.m in Sources */,
				9CE2E3AA1D32C38100C8F031 /* main.m in Sources */,
			);
			runOnlyForDeploymentPostprocessing = 0;
		};
		9CE2E3BA1D32C38200C8F031 /* Sources */ = {
			isa = PBXSourcesBuildPhase;
			buildActionMask = 2147483647;
			files = (
				9CE2E3C31D32C38200C8F031 /* GildedRose_iPhoneTests.m in Sources */,
			);
			runOnlyForDeploymentPostprocessing = 0;
		};
/* End PBXSourcesBuildPhase section */

/* Begin PBXTargetDependency section */
		9CE2E3C01D32C38200C8F031 /* PBXTargetDependency */ = {
			isa = PBXTargetDependency;
			target = 9CE2E3A41D32C38100C8F031 /* GildedRose-iPhone */;
			targetProxy = 9CE2E3BF1D32C38200C8F031 /* PBXContainerItemProxy */;
		};
/* End PBXTargetDependency section */

/* Begin PBXVariantGroup section */
		9CE2E3B11D32C38100C8F031 /* Main.storyboard */ = {
			isa = PBXVariantGroup;
			children = (
				9CE2E3B21D32C38100C8F031 /* Base */,
			);
			name = Main.storyboard;
			sourceTree = "<group>";
		};
		9CE2E3B61D32C38200C8F031 /* LaunchScreen.storyboard */ = {
			isa = PBXVariantGroup;
			children = (
				9CE2E3B71D32C38200C8F031 /* Base */,
			);
			name = LaunchScreen.storyboard;
			sourceTree = "<group>";
		};
/* End PBXVariantGroup section */

/* Begin XCBuildConfiguration section */
		9CE2E3C51D32C38200C8F031 /* Debug */ = {
			isa = XCBuildConfiguration;
			buildSettings = {
				ALWAYS_SEARCH_USER_PATHS = NO;
				CLANG_ANALYZER_NONNULL = YES;
				CLANG_CXX_LANGUAGE_STANDARD = "gnu++0x";
				CLANG_CXX_LIBRARY = "libc++";
				CLANG_ENABLE_MODULES = YES;
				CLANG_ENABLE_OBJC_ARC = YES;
				CLANG_WARN_BOOL_CONVERSION = YES;
				CLANG_WARN_CONSTANT_CONVERSION = YES;
				CLANG_WARN_DIRECT_OBJC_ISA_USAGE = YES_ERROR;
				CLANG_WARN_EMPTY_BODY = YES;
				CLANG_WARN_ENUM_CONVERSION = YES;
				CLANG_WARN_INT_CONVERSION = YES;
				CLANG_WARN_OBJC_ROOT_CLASS = YES_ERROR;
				CLANG_WARN_UNREACHABLE_CODE = YES;
				CLANG_WARN__DUPLICATE_METHOD_MATCH = YES;
				"CODE_SIGN_IDENTITY[sdk=iphoneos*]" = "iPhone Developer";
				COPY_PHASE_STRIP = NO;
				DEBUG_INFORMATION_FORMAT = dwarf;
				ENABLE_STRICT_OBJC_MSGSEND = YES;
				ENABLE_TESTABILITY = YES;
				GCC_C_LANGUAGE_STANDARD = gnu99;
				GCC_DYNAMIC_NO_PIC = NO;
				GCC_NO_COMMON_BLOCKS = YES;
				GCC_OPTIMIZATION_LEVEL = 0;
				GCC_PREPROCESSOR_DEFINITIONS = (
					"DEBUG=1",
					"$(inherited)",
				);
				GCC_WARN_64_TO_32_BIT_CONVERSION = YES;
				GCC_WARN_ABOUT_RETURN_TYPE = YES_ERROR;
				GCC_WARN_UNDECLARED_SELECTOR = YES;
				GCC_WARN_UNINITIALIZED_AUTOS = YES_AGGRESSIVE;
				GCC_WARN_UNUSED_FUNCTION = YES;
				GCC_WARN_UNUSED_VARIABLE = YES;
				IPHONEOS_DEPLOYMENT_TARGET = 9.3;
				MTL_ENABLE_DEBUG_INFO = YES;
				ONLY_ACTIVE_ARCH = YES;
				SDKROOT = iphoneos;
				TARGETED_DEVICE_FAMILY = "1,2";
			};
			name = Debug;
		};
		9CE2E3C61D32C38200C8F031 /* Release */ = {
			isa = XCBuildConfiguration;
			buildSettings = {
				ALWAYS_SEARCH_USER_PATHS = NO;
				CLANG_ANALYZER_NONNULL = YES;
				CLANG_CXX_LANGUAGE_STANDARD = "gnu++0x";
				CLANG_CXX_LIBRARY = "libc++";
				CLANG_ENABLE_MODULES = YES;
				CLANG_ENABLE_OBJC_ARC = YES;
				CLANG_WARN_BOOL_CONVERSION = YES;
				CLANG_WARN_CONSTANT_CONVERSION = YES;
				CLANG_WARN_DIRECT_OBJC_ISA_USAGE = YES_ERROR;
				CLANG_WARN_EMPTY_BODY = YES;
				CLANG_WARN_ENUM_CONVERSION = YES;
				CLANG_WARN_INT_CONVERSION = YES;
				CLANG_WARN_OBJC_ROOT_CLASS = YES_ERROR;
				CLANG_WARN_UNREACHABLE_CODE = YES;
				CLANG_WARN__DUPLICATE_METHOD_MATCH = YES;
				"CODE_SIGN_IDENTITY[sdk=iphoneos*]" = "iPhone Developer";
				COPY_PHASE_STRIP = NO;
				DEBUG_INFORMATION_FORMAT = "dwarf-with-dsym";
				ENABLE_NS_ASSERTIONS = NO;
				ENABLE_STRICT_OBJC_MSGSEND = YES;
				GCC_C_LANGUAGE_STANDARD = gnu99;
				GCC_NO_COMMON_BLOCKS = YES;
				GCC_WARN_64_TO_32_BIT_CONVERSION = YES;
				GCC_WARN_ABOUT_RETURN_TYPE = YES_ERROR;
				GCC_WARN_UNDECLARED_SELECTOR = YES;
				GCC_WARN_UNINITIALIZED_AUTOS = YES_AGGRESSIVE;
				GCC_WARN_UNUSED_FUNCTION = YES;
				GCC_WARN_UNUSED_VARIABLE = YES;
				IPHONEOS_DEPLOYMENT_TARGET = 9.3;
				MTL_ENABLE_DEBUG_INFO = NO;
				SDKROOT = iphoneos;
				TARGETED_DEVICE_FAMILY = "1,2";
				VALIDATE_PRODUCT = YES;
			};
			name = Release;
		};
		9CE2E3C81D32C38200C8F031 /* Debug */ = {
			isa = XCBuildConfiguration;
			buildSettings = {
				ASSETCATALOG_COMPILER_APPICON_NAME = AppIcon;
				INFOPLIST_FILE = "GildedRose-iPhone/Info.plist";
				LD_RUNPATH_SEARCH_PATHS = "$(inherited) @executable_path/Frameworks";
				PRODUCT_BUNDLE_IDENTIFIER = "za.co.glucode.GildedRose-iPhone";
				PRODUCT_NAME = "$(TARGET_NAME)";
			};
			name = Debug;
		};
		9CE2E3C91D32C38200C8F031 /* Release */ = {
			isa = XCBuildConfiguration;
			buildSettings = {
				ASSETCATALOG_COMPILER_APPICON_NAME = AppIcon;
				INFOPLIST_FILE = "GildedRose-iPhone/Info.plist";
				LD_RUNPATH_SEARCH_PATHS = "$(inherited) @executable_path/Frameworks";
				PRODUCT_BUNDLE_IDENTIFIER = "za.co.glucode.GildedRose-iPhone";
				PRODUCT_NAME = "$(TARGET_NAME)";
			};
			name = Release;
		};
		9CE2E3CB1D32C38200C8F031 /* Debug */ = {
			isa = XCBuildConfiguration;
			buildSettings = {
				BUNDLE_LOADER = "$(TEST_HOST)";
				INFOPLIST_FILE = "GildedRose-iPhoneTests/Info.plist";
				LD_RUNPATH_SEARCH_PATHS = "$(inherited) @executable_path/Frameworks @loader_path/Frameworks";
				PRODUCT_BUNDLE_IDENTIFIER = "za.co.glucode.GildedRose-iPhoneTests";
				PRODUCT_NAME = "$(TARGET_NAME)";
				TEST_HOST = "$(BUILT_PRODUCTS_DIR)/GildedRose-iPhone.app/GildedRose-iPhone";
			};
			name = Debug;
		};
		9CE2E3CC1D32C38200C8F031 /* Release */ = {
			isa = XCBuildConfiguration;
			buildSettings = {
				BUNDLE_LOADER = "$(TEST_HOST)";
				INFOPLIST_FILE = "GildedRose-iPhoneTests/Info.plist";
				LD_RUNPATH_SEARCH_PATHS = "$(inherited) @executable_path/Frameworks @loader_path/Frameworks";
				PRODUCT_BUNDLE_IDENTIFIER = "za.co.glucode.GildedRose-iPhoneTests";
				PRODUCT_NAME = "$(TARGET_NAME)";
				TEST_HOST = "$(BUILT_PRODUCTS_DIR)/GildedRose-iPhone.app/GildedRose-iPhone";
			};
			name = Release;
		};
/* End XCBuildConfiguration section */

/* Begin XCConfigurationList section */
		9CE2E3A01D32C38100C8F031 /* Build configuration list for PBXProject "GildedRose-iPhone" */ = {
			isa = XCConfigurationList;
			buildConfigurations = (
				9CE2E3C51D32C38200C8F031 /* Debug */,
				9CE2E3C61D32C38200C8F031 /* Release */,
			);
			defaultConfigurationIsVisible = 0;
			defaultConfigurationName = Release;
		};
		9CE2E3C71D32C38200C8F031 /* Build configuration list for PBXNativeTarget "GildedRose-iPhone" */ = {
			isa = XCConfigurationList;
			buildConfigurations = (
				9CE2E3C81D32C38200C8F031 /* Debug */,
				9CE2E3C91D32C38200C8F031 /* Release */,
			);
			defaultConfigurationIsVisible = 0;
		};
		9CE2E3CA1D32C38200C8F031 /* Build configuration list for PBXNativeTarget "GildedRose-iPhoneTests" */ = {
			isa = XCConfigurationList;
			buildConfigurations = (
				9CE2E3CB1D32C38200C8F031 /* Debug */,
				9CE2E3CC1D32C38200C8F031 /* Release */,
			);
			defaultConfigurationIsVisible = 0;
		};
/* End XCConfigurationList section */
	};
	rootObject = 9CE2E39D1D32C38100C8F031 /* Project object */;
}
